
Microsoft Visual Studio Solution File, Format Version 12.00
Project("{FAE04EC0-301F-11D3-BF4B-00C04F79EFBC}") = "RavenDBAIAssistant", "RavenDBAIAssistant\RavenDBAIAssistant.csproj", "{B943F88D-BA60-4C90-85A4-B475FC2130A1}"
EndProject
Global
	GlobalSection(SolutionConfigurationPlatforms) = preSolution
		Debug|Any CPU = Debug|Any CPU
		Release|Any CPU = Release|Any CPU
	EndGlobalSection
	GlobalSection(ProjectConfigurationPlatforms) = postSolution
		{B943F88D-BA60-4C90-85A4-B475FC2130A1}.Debug|Any CPU.ActiveCfg = Debug|Any CPU
		{B943F88D-BA60-4C90-85A4-B475FC2130A1}.Debug|Any CPU.Build.0 = Debug|Any CPU
		{B943F88D-BA60-4C90-85A4-B475FC2130A1}.Release|Any CPU.ActiveCfg = Release|Any CPU
		{B943F88D-BA60-4C90-85A4-B475FC2130A1}.Release|Any CPU.Build.0 = Release|Any CPU
	EndGlobalSection
EndGlobal
